
Microsoft Visual Studio Solution File, Format Version 12.00
# Visual Studio Version 16
VisualStudioVersion = 16.0.29025.244
MinimumVisualStudioVersion = 10.0.40219.1
Project("{FAE04EC0-301F-11D3-BF4B-00C04F79EFBC}") = "Cinema API", "Cinema API\Cinema API.csproj", "{0593ECA7-701D-44D3-AEB9-4F2803D49312}"
EndProject
Project("{FAE04EC0-301F-11D3-BF4B-00C04F79EFBC}") = "Model", "Model\Model.csproj", "{4CB2D94A-71D1-498A-9D06-2219635EF985}"
EndProject
Project("{FAE04EC0-301F-11D3-BF4B-00C04F79EFBC}") = "Persistence", "Persistence\Persistence.csproj", "{9F58DD9A-04DA-49B6-99B1-37728BD8BC19}"
EndProject
Project("{FAE04EC0-301F-11D3-BF4B-00C04F79EFBC}") = "Service", "Service\Service.csproj", "{C02B33FF-CB75-41AB-AB42-B24FC2B95CDA}"
EndProject
Project("{FAE04EC0-301F-11D3-BF4B-00C04F79EFBC}") = "CinemaAPI.Tests", "CinemaAPI.Tests\CinemaAPI.Tests.csproj", "{60A8B4B2-F10B-4B47-A195-97C6BD97D6A5}"
EndProject
Global
	GlobalSection(SolutionConfigurationPlatforms) = preSolution
		Debug|Any CPU = Debug|Any CPU
		Release|Any CPU = Release|Any CPU
	EndGlobalSection
	GlobalSection(ProjectConfigurationPlatforms) = postSolution
		{0593ECA7-701D-44D3-AEB9-4F2803D49312}.Debug|Any CPU.ActiveCfg = Debug|Any CPU
		{0593ECA7-701D-44D3-AEB9-4F2803D49312}.Debug|Any CPU.Build.0 = Debug|Any CPU
		{0593ECA7-701D-44D3-AEB9-4F2803D49312}.Release|Any CPU.ActiveCfg = Release|Any CPU
		{0593ECA7-701D-44D3-AEB9-4F2803D49312}.Release|Any CPU.Build.0 = Release|Any CPU
		{4CB2D94A-71D1-498A-9D06-2219635EF985}.Debug|Any CPU.ActiveCfg = Debug|Any CPU
		{4CB2D94A-71D1-498A-9D06-2219635EF985}.Debug|Any CPU.Build.0 = Debug|Any CPU
		{4CB2D94A-71D1-498A-9D06-2219635EF985}.Release|Any CPU.ActiveCfg = Release|Any CPU
		{4CB2D94A-71D1-498A-9D06-2219635EF985}.Release|Any CPU.Build.0 = Release|Any CPU
		{9F58DD9A-04DA-49B6-99B1-37728BD8BC19}.Debug|Any CPU.ActiveCfg = Debug|Any CPU
		{9F58DD9A-04DA-49B6-99B1-37728BD8BC19}.Debug|Any CPU.Build.0 = Debug|Any CPU
		{9F58DD9A-04DA-49B6-99B1-37728BD8BC19}.Release|Any CPU.ActiveCfg = Release|Any CPU
		{9F58DD9A-04DA-49B6-99B1-37728BD8BC19}.Release|Any CPU.Build.0 = Release|Any CPU
		{C02B33FF-CB75-41AB-AB42-B24FC2B95CDA}.Debug|Any CPU.ActiveCfg = Debug|Any CPU
		{C02B33FF-CB75-41AB-AB42-B24FC2B95CDA}.Debug|Any CPU.Build.0 = Debug|Any CPU
		{C02B33FF-CB75-41AB-AB42-B24FC2B95CDA}.Release|Any CPU.ActiveCfg = Release|Any CPU
		{C02B33FF-CB75-41AB-AB42-B24FC2B95CDA}.Release|Any CPU.Build.0 = Release|Any CPU
		{60A8B4B2-F10B-4B47-A195-97C6BD97D6A5}.Debug|Any CPU.ActiveCfg = Debug|Any CPU
		{60A8B4B2-F10B-4B47-A195-97C6BD97D6A5}.Debug|Any CPU.Build.0 = Debug|Any CPU
		{60A8B4B2-F10B-4B47-A195-97C6BD97D6A5}.Release|Any CPU.ActiveCfg = Release|Any CPU
		{60A8B4B2-F10B-4B47-A195-97C6BD97D6A5}.Release|Any CPU.Build.0 = Release|Any CPU
	EndGlobalSection
	GlobalSection(SolutionProperties) = preSolution
		HideSolutionNode = FALSE
	EndGlobalSection
	GlobalSection(ExtensibilityGlobals) = postSolution
		SolutionGuid = {ACA4EF84-1F1C-41AC-AD90-C7B518417052}
	EndGlobalSection
EndGlobal
